# This file was autogenerated by Stack.
# You should not edit this file by hand.
# For more information, please see the documentation at:
#   https://docs.haskellstack.org/en/stable/lock_files

packages:
- completed:
    hackage: QuickCheck-2.14.3@sha256:f03d2f404d5ba465453d0fbc1944832789a759fe7c4f9bf8616bc1378a02fde4,7847
    pantry-tree:
      sha256: e920d61bcc10ef2aee0cc3e2a216d05b8491564ad27c1c5e2fbbb221b00b7f8e
      size: 2315
  original:
    hackage: QuickCheck-2.14.3
snapshots:
- completed:
    sha256: e176944bc843f740e05242fa7a66ca1f440c127e425254f7f1257f9b19add23f
    size: 712153
    url: https://raw.githubusercontent.com/commercialhaskell/stackage-snapshots/master/lts/22/0.yaml
  original:
    url: https://raw.githubusercontent.com/commercialhaskell/stackage-snapshots/master/lts/22/0.yaml
